
Microsoft Visual Studio Solution File, Format Version 12.00
Project("{FAE04EC0-301F-11D3-BF4B-00C04F79EFBC}") = "APBD-PJATK-Cw6-s34002", "APBD-PJATK-Cw6-s34002\APBD-PJATK-Cw6-s34002.csproj", "{11914451-202F-4B74-AAE1-E6333F250D88}"
EndProject
Global
	GlobalSection(SolutionConfigurationPlatforms) = preSolution
		Debug|Any CPU = Debug|Any CPU
		Release|Any CPU = Release|Any CPU
	EndGlobalSection
	GlobalSection(ProjectConfigurationPlatforms) = postSolution
		{11914451-202F-4B74-AAE1-E6333F250D88}.Debug|Any CPU.ActiveCfg = Debug|Any CPU
		{11914451-202F-4B74-AAE1-E6333F250D88}.Debug|Any CPU.Build.0 = Debug|Any CPU
		{11914451-202F-4B74-AAE1-E6333F250D88}.Release|Any CPU.ActiveCfg = Release|Any CPU
		{11914451-202F-4B74-AAE1-E6333F250D88}.Release|Any CPU.Build.0 = Release|Any CPU
	EndGlobalSection
EndGlobal
